
Microsoft Visual Studio Solution File, Format Version 12.00
# Visual Studio Version 17
VisualStudioVersion = 17.5.33627.172
MinimumVisualStudioVersion = 10.0.40219.1
Project("{FAE04EC0-301F-11D3-BF4B-00C04F79EFBC}") = "PatternRepository", "PatternRepository\PatternRepository.csproj", "{E2947181-48C9-425A-9C6B-EE0B3A20794F}"
EndProject
Project("{FAE04EC0-301F-11D3-BF4B-00C04F79EFBC}") = "PatternRepository.Domain", "PatternRepository.Domain\PatternRepository.Domain.csproj", "{06C6CBC3-E7B3-488E-988D-E7937353B4C2}"
EndProject
Project("{FAE04EC0-301F-11D3-BF4B-00C04F79EFBC}") = "PatternRepositroy.Infrastructure", "PatternRepositroy.Infrastructure\PatternRepositroy.Infrastructure.csproj", "{84506E20-3D87-4317-82ED-98C5629A2557}"
EndProject
Project("{FAE04EC0-301F-11D3-BF4B-00C04F79EFBC}") = "PatternRepository.Application", "PatternRepository.Application\PatternRepository.Application.csproj", "{E31872D4-37B5-4548-9DDA-AC5CFDA4D38F}"
EndProject
Global
	GlobalSection(SolutionConfigurationPlatforms) = preSolution
		Debug|Any CPU = Debug|Any CPU
		Release|Any CPU = Release|Any CPU
	EndGlobalSection
	GlobalSection(ProjectConfigurationPlatforms) = postSolution
		{E2947181-48C9-425A-9C6B-EE0B3A20794F}.Debug|Any CPU.ActiveCfg = Debug|Any CPU
		{E2947181-48C9-425A-9C6B-EE0B3A20794F}.Debug|Any CPU.Build.0 = Debug|Any CPU
		{E2947181-48C9-425A-9C6B-EE0B3A20794F}.Release|Any CPU.ActiveCfg = Release|Any CPU
		{E2947181-48C9-425A-9C6B-EE0B3A20794F}.Release|Any CPU.Build.0 = Release|Any CPU
		{06C6CBC3-E7B3-488E-988D-E7937353B4C2}.Debug|Any CPU.ActiveCfg = Debug|Any CPU
		{06C6CBC3-E7B3-488E-988D-E7937353B4C2}.Debug|Any CPU.Build.0 = Debug|Any CPU
		{06C6CBC3-E7B3-488E-988D-E7937353B4C2}.Release|Any CPU.ActiveCfg = Release|Any CPU
		{06C6CBC3-E7B3-488E-988D-E7937353B4C2}.Release|Any CPU.Build.0 = Release|Any CPU
		{84506E20-3D87-4317-82ED-98C5629A2557}.Debug|Any CPU.ActiveCfg = Debug|Any CPU
		{84506E20-3D87-4317-82ED-98C5629A2557}.Debug|Any CPU.Build.0 = Debug|Any CPU
		{84506E20-3D87-4317-82ED-98C5629A2557}.Release|Any CPU.ActiveCfg = Release|Any CPU
		{84506E20-3D87-4317-82ED-98C5629A2557}.Release|Any CPU.Build.0 = Release|Any CPU
		{E31872D4-37B5-4548-9DDA-AC5CFDA4D38F}.Debug|Any CPU.ActiveCfg = Debug|Any CPU
		{E31872D4-37B5-4548-9DDA-AC5CFDA4D38F}.Debug|Any CPU.Build.0 = Debug|Any CPU
		{E31872D4-37B5-4548-9DDA-AC5CFDA4D38F}.Release|Any CPU.ActiveCfg = Release|Any CPU
		{E31872D4-37B5-4548-9DDA-AC5CFDA4D38F}.Release|Any CPU.Build.0 = Release|Any CPU
	EndGlobalSection
	GlobalSection(SolutionProperties) = preSolution
		HideSolutionNode = FALSE
	EndGlobalSection
	GlobalSection(ExtensibilityGlobals) = postSolution
		SolutionGuid = {6F63BF34-7F75-4D40-BF94-AF1741F6C802}
	EndGlobalSection
EndGlobal
